
Microsoft Visual Studio Solution File, Format Version 12.00
# Visual Studio 15
VisualStudioVersion = 15.0.26730.15
MinimumVisualStudioVersion = 10.0.40219.1
Project("{8BC9CEB8-8B4A-11D0-8D11-00A0C91BC942}") = "Raycast-SFML", "Raycast-SFML\Raycast-SFML.vcxproj", "{42B17C73-F2FF-4D8D-A4F2-BA00701ABAF1}"
EndProject
Global
	GlobalSection(SolutionConfigurationPlatforms) = preSolution
		Debug|x64 = Debug|x64
		Release|x64 = Release|x64
	EndGlobalSection
	GlobalSection(ProjectConfigurationPlatforms) = postSolution
		{42B17C73-F2FF-4D8D-A4F2-BA00701ABAF1}.Debug|x64.ActiveCfg = Debug|x64
		{42B17C73-F2FF-4D8D-A4F2-BA00701ABAF1}.Debug|x64.Build.0 = Debug|x64
		{42B17C73-F2FF-4D8D-A4F2-BA00701ABAF1}.Release|x64.ActiveCfg = Release|x64
		{42B17C73-F2FF-4D8D-A4F2-BA00701ABAF1}.Release|x64.Build.0 = Release|x64
	EndGlobalSection
	GlobalSection(SolutionProperties) = preSolution
		HideSolutionNode = FALSE
	EndGlobalSection
	GlobalSection(ExtensibilityGlobals) = postSolution
		SolutionGuid = {2285CD37-9DFA-404B-905B-F95F3FB6E988}
	EndGlobalSection
EndGlobal
